<?xml version="1.0" encoding="utf-8"?>
<Project ToolsVersion="4.0" xmlns="http://schemas.microsoft.com/developer/msbuild/2003">
  <ItemGroup>
    <Filter Include="Sink">
      <UniqueIdentifier>{7ea306e0-746f-415c-b1a9-bf33c34e496f}</UniqueIdentifier>
    </Filter>
    <Filter Include="FrameSource">
      <UniqueIdentifier>{c1957aec-e258-4164-8cec-723bca593d3f}</UniqueIdentifier>
    </Filter>
    <Filter Include="Pipeline">
      <UniqueIdentifier>{b52e2975-b271-4d28-8697-adf22c98cdf8}</UniqueIdentifier>
    </Filter>
  </ItemGroup>
  <ItemGroup>
    <ClCompile Include="CameraFrameSource.cpp">
      <Filter>FrameSource</Filter>
    </ClCompile>
    <ClCompile Include="IFrameSource.cpp">
      <Filter>FrameSource</Filter>
    </ClCompile>
    <ClCompile Include="ImageFileFrameSource.cpp">
      <Filter>FrameSource</Filter>
    </ClCompile>
    <ClCompile Include="VideoFileFrameSource.cpp">
      <Filter>FrameSource</Filter>
    </ClCompile>
    <ClCompile Include="ApriltagSink.cpp">
      <Filter>Sink</Filter>
    </ClCompile>
    <ClCompile Include="ISink.cpp">
      <Filter>Sink</Filter>
    </ClCompile>
    <ClCompile Include="IObjectDetectionSink.cpp">
      <Filter>Sink</Filter>
    </ClCompile>
    <ClCompile Include="RknnSink.cpp">
      <Filter>Sink</Filter>
    </ClCompile>
    <ClCompile Include="TRTSink.cpp">
      <Filter>Sink</Filter>
    </ClCompile>
    <ClCompile Include="SingleSourcePipeline.cpp">
      <Filter>Pipeline</Filter>
    </ClCompile>
    <ClCompile Include="SterioPipeline.cpp">
      <Filter>Pipeline</Filter>
    </ClCompile>
    <ClCompile Include="IPipeline.cpp">
      <Filter>Pipeline</Filter>
    </ClCompile>
    <ClCompile Include="Logger.cpp" />
    <ClCompile Include="FramePool.cpp" />
    <ClCompile Include="FrameSpec.cpp" />
    <ClCompile Include="Frame.cpp" />
    <ClCompile Include="ApriltagDetection.cpp" />
    <ClCompile Include="PreProcessor.cpp" />
  </ItemGroup>
  <ItemGroup>
    <ClInclude Include="CameraFrameSource.h">
      <Filter>FrameSource</Filter>
    </ClInclude>
    <ClInclude Include="IFrameSource.h">
      <Filter>FrameSource</Filter>
    </ClInclude>
    <ClInclude Include="ImageFileFrameSource.h">
      <Filter>FrameSource</Filter>
    </ClInclude>
    <ClInclude Include="VideoFileFrameSource.h">
      <Filter>FrameSource</Filter>
    </ClInclude>
    <ClInclude Include="ApriltagSink.h">
      <Filter>Sink</Filter>
    </ClInclude>
    <ClInclude Include="ISink.h">
      <Filter>Sink</Filter>
    </ClInclude>
    <ClInclude Include="IObjectDetectionSink.h">
      <Filter>Sink</Filter>
    </ClInclude>
    <ClInclude Include="RknnSink.h">
      <Filter>Sink</Filter>
    </ClInclude>
    <ClInclude Include="TRTSink.h">
      <Filter>Sink</Filter>
    </ClInclude>
    <ClInclude Include="SterioPipeline.h">
      <Filter>Pipeline</Filter>
    </ClInclude>
    <ClInclude Include="SingleSourcePipeline.h">
      <Filter>Pipeline</Filter>
    </ClInclude>
    <ClInclude Include="IPipeline.h">
      <Filter>Pipeline</Filter>
    </ClInclude>
    <ClInclude Include="Logger.h" />
    <ClInclude Include="FramePool.h" />
    <ClInclude Include="FrameSpec.h" />
    <ClInclude Include="Frame.h" />
    <ClInclude Include="FRCVLib.h" />
    <ClInclude Include="ApriltagDetection.h" />
    <ClInclude Include="PreProcessor.h" />
  </ItemGroup>
  <ItemGroup>
    <None Include="swig.i" />
  </ItemGroup>
</Project>